
Microsoft Visual Studio Solution File, Format Version 12.00
# Visual Studio 15
VisualStudioVersion = 15.0.26403.0
MinimumVisualStudioVersion = 10.0.40219.1
Project("{9A19103F-16F7-4668-BE54-9A1E7A4F7556}") = "BaristaLabs.ChromeDevTools", "BaristaLabs.ChromeDevTools\BaristaLabs.ChromeDevTools.csproj", "{0ED35D48-F3CC-4D19-B13C-F75C0028DCE4}"
EndProject
Project("{9A19103F-16F7-4668-BE54-9A1E7A4F7556}") = "ChromeDevToolsCLI", "ChromeDevToolsCLI\ChromeDevToolsCLI.csproj", "{BCFF124E-252A-420C-9E37-4F8488022F20}"
EndProject
Global
	GlobalSection(SolutionConfigurationPlatforms) = preSolution
		Debug|Any CPU = Debug|Any CPU
		Release|Any CPU = Release|Any CPU
	EndGlobalSection
	GlobalSection(ProjectConfigurationPlatforms) = postSolution
		{0ED35D48-F3CC-4D19-B13C-F75C0028DCE4}.Debug|Any CPU.ActiveCfg = Debug|Any CPU
		{0ED35D48-F3CC-4D19-B13C-F75C0028DCE4}.Debug|Any CPU.Build.0 = Debug|Any CPU
		{0ED35D48-F3CC-4D19-B13C-F75C0028DCE4}.Release|Any CPU.ActiveCfg = Release|Any CPU
		{0ED35D48-F3CC-4D19-B13C-F75C0028DCE4}.Release|Any CPU.Build.0 = Release|Any CPU
		{BCFF124E-252A-420C-9E37-4F8488022F20}.Debug|Any CPU.ActiveCfg = Debug|Any CPU
		{BCFF124E-252A-420C-9E37-4F8488022F20}.Debug|Any CPU.Build.0 = Debug|Any CPU
		{BCFF124E-252A-420C-9E37-4F8488022F20}.Release|Any CPU.ActiveCfg = Release|Any CPU
		{BCFF124E-252A-420C-9E37-4F8488022F20}.Release|Any CPU.Build.0 = Release|Any CPU
	EndGlobalSection
	GlobalSection(SolutionProperties) = preSolution
		HideSolutionNode = FALSE
	EndGlobalSection
EndGlobal
